
Microsoft Visual Studio Solution File, Format Version 12.00
# Visual Studio 15
VisualStudioVersion = 15.0.28307.572
MinimumVisualStudioVersion = 10.0.40219.1
Project("{8BC9CEB8-8B4A-11D0-8D11-00A0C91BC942}") = "CLPainting", "CLPainting\CLPainting.vcxproj", "{05AB2FD4-C501-4632-B86C-40D9AD922B9F}"
EndProject
Global
	GlobalSection(SolutionConfigurationPlatforms) = preSolution
		Debug|x64 = Debug|x64
		Debug|x86 = Debug|x86
		Release|x64 = Release|x64
		Release|x86 = Release|x86
	EndGlobalSection
	GlobalSection(ProjectConfigurationPlatforms) = postSolution
		{05AB2FD4-C501-4632-B86C-40D9AD922B9F}.Debug|x64.ActiveCfg = Debug|x64
		{05AB2FD4-C501-4632-B86C-40D9AD922B9F}.Debug|x64.Build.0 = Debug|x64
		{05AB2FD4-C501-4632-B86C-40D9AD922B9F}.Debug|x86.ActiveCfg = Debug|Win32
		{05AB2FD4-C501-4632-B86C-40D9AD922B9F}.Debug|x86.Build.0 = Debug|Win32
		{05AB2FD4-C501-4632-B86C-40D9AD922B9F}.Release|x64.ActiveCfg = Release|x64
		{05AB2FD4-C501-4632-B86C-40D9AD922B9F}.Release|x64.Build.0 = Release|x64
		{05AB2FD4-C501-4632-B86C-40D9AD922B9F}.Release|x86.ActiveCfg = Release|Win32
		{05AB2FD4-C501-4632-B86C-40D9AD922B9F}.Release|x86.Build.0 = Release|Win32
	EndGlobalSection
	GlobalSection(SolutionProperties) = preSolution
		HideSolutionNode = FALSE
	EndGlobalSection
	GlobalSection(ExtensibilityGlobals) = postSolution
		SolutionGuid = {BE0C63C9-1863-4EA7-8B84-C0A4B5927A93}
	EndGlobalSection
EndGlobal
